// !$*UTF8*$!
{
	archiveVersion = 1;
	classes = {
	};
	objectVersion = 46;
	objects = {

/* Begin PBXBuildFile section */
		64C2024F82744D05474CD446 /* Pods_iOSBrowser.framework in Frameworks */ = {isa = PBXBuildFile; fileRef = CA3407C835CFA7D0F46EEAB3 /* Pods_iOSBrowser.framework */; };
		6920BED91F045E8900922757 /* AppDelegate.swift in Sources */ = {isa = PBXBuildFile; fileRef = 6920BED81F045E8900922757 /* AppDelegate.swift */; };
		6920BEDB1F045E8900922757 /* WebViewController.swift in Sources */ = {isa = PBXBuildFile; fileRef = 6920BEDA1F045E8900922757 /* WebViewController.swift */; };
		6920BEDE1F045E8900922757 /* Main.storyboard in Resources */ = {isa = PBXBuildFile; fileRef = 6920BEDC1F045E8900922757 /* Main.storyboard */; };
		6920BEE01F045E8900922757 /* Assets.xcassets in Resources */ = {isa = PBXBuildFile; fileRef = 6920BEDF1F045E8900922757 /* Assets.xcassets */; };
		6920BEE31F045E8900922757 /* LaunchScreen.storyboard in Resources */ = {isa = PBXBuildFile; fileRef = 6920BEE11F045E8900922757 /* LaunchScreen.storyboard */; };
/* End PBXBuildFile section */

/* Begin PBXFileReference section */
		50533787BAF0824B53D8131E /* Pods-iOSBrowser.release.xcconfig */ = {isa = PBXFileReference; includeInIndex = 1; lastKnownFileType = text.xcconfig; name = "Pods-iOSBrowser.release.xcconfig"; path = "Pods/Target Support Files/Pods-iOSBrowser/Pods-iOSBrowser.release.xcconfig"; sourceTree = "<group>"; };
		6920BED51F045E8900922757 /* iOSBrowser.app */ = {isa = PBXFileReference; explicitFileType = wrapper.application; includeInIndex = 0; path = iOSBrowser.app; sourceTree = BUILT_PRODUCTS_DIR; };
		6920BED81F045E8900922757 /* AppDelegate.swift */ = {isa = PBXFileReference; lastKnownFileType = sourcecode.swift; path = AppDelegate.swift; sourceTree = "<group>"; };
		6920BEDA1F045E8900922757 /* WebViewController.swift */ = {isa = PBXFileReference; lastKnownFileType = sourcecode.swift; path = WebViewController.swift; sourceTree = "<group>"; };
		6920BEDD1F045E8900922757 /* Base */ = {isa = PBXFileReference; lastKnownFileType = file.storyboard; name = Base; path = Base.lproj/Main.storyboard; sourceTree = "<group>"; };
		6920BEDF1F045E8900922757 /* Assets.xcassets */ = {isa = PBXFileReference; lastKnownFileType = folder.assetcatalog; path = Assets.xcassets; sourceTree = "<group>"; };
		6920BEE21F045E8900922757 /* Base */ = {isa = PBXFileReference; lastKnownFileType = file.storyboard; name = Base; path = Base.lproj/LaunchScreen.storyboard; sourceTree = "<group>"; };
		6920BEE41F045E8900922757 /* Info.plist */ = {isa = PBXFileReference; lastKnownFileType = text.plist.xml; path = Info.plist; sourceTree = "<group>"; };
		C2C153CBC63C98084F1AA628 /* Pods-iOSBrowser.debug.xcconfig */ = {isa = PBXFileReference; includeInIndex = 1; lastKnownFileType = text.xcconfig; name = "Pods-iOSBrowser.debug.xcconfig"; path = "Pods/Target Support Files/Pods-iOSBrowser/Pods-iOSBrowser.debug.xcconfig"; sourceTree = "<group>"; };
		CA3407C835CFA7D0F46EEAB3 /* Pods_iOSBrowser.framework */ = {isa = PBXFileReference; explicitFileType = wrapper.framework; includeInIndex = 0; path = Pods_iOSBrowser.framework; sourceTree = BUILT_PRODUCTS_DIR; };
/* End PBXFileReference section */

/* Begin PBXFrameworksBuildPhase section */
		6920BED21F045E8900922757 /* Frameworks */ = {
			isa = PBXFrameworksBuildPhase;
			buildActionMask = 2147483647;
			files = (
				64C2024F82744D05474CD446 /* Pods_iOSBrowser.framework in Frameworks */,
			);
			runOnlyForDeploymentPostprocessing = 0;
		};
/* End PBXFrameworksBuildPhase section */

/* Begin PBXGroup section */
		13DC626D95B96FBEF1D6B065 /* Pods */ = {
			isa = PBXGroup;
			children = (
				C2C153CBC63C98084F1AA628 /* Pods-iOSBrowser.debug.xcconfig */,
				50533787BAF0824B53D8131E /* Pods-iOSBrowser.release.xcconfig */,
			);
			name = Pods;
			sourceTree = "<group>";
		};
		437A58B223FC5FD75527513E /* Frameworks */ = {
			isa = PBXGroup;
			children = (
				CA3407C835CFA7D0F46EEAB3 /* Pods_iOSBrowser.framework */,
			);
			name = Frameworks;
			sourceTree = "<group>";
		};
		6920BECC1F045E8900922757 = {
			isa = PBXGroup;
			children = (
				6920BED71F045E8900922757 /* iOSBrowser */,
				6920BED61F045E8900922757 /* Products */,
				13DC626D95B96FBEF1D6B065 /* Pods */,
				437A58B223FC5FD75527513E /* Frameworks */,
			);
			sourceTree = "<group>";
		};
		6920BED61F045E8900922757 /* Products */ = {
			isa = PBXGroup;
			children = (
				6920BED51F045E8900922757 /* iOSBrowser.app */,
			);
			name = Products;
			sourceTree = "<group>";
		};
		6920BED71F045E8900922757 /* iOSBrowser */ = {
			isa = PBXGroup;
			children = (
				6920BED81F045E8900922757 /* AppDelegate.swift */,
				6920BEDA1F045E8900922757 /* WebViewController.swift */,
				6920BEDC1F045E8900922757 /* Main.storyboard */,
				6920BEDF1F045E8900922757 /* Assets.xcassets */,
				6920BEE11F045E8900922757 /* LaunchScreen.storyboard */,
				6920BEE41F045E8900922757 /* Info.plist */,
			);
			path = iOSBrowser;
			sourceTree = "<group>";
		};
/* End PBXGroup section */

/* Begin PBXNativeTarget section */
		6920BED41F045E8900922757 /* iOSBrowser */ = {
			isa = PBXNativeTarget;
			buildConfigurationList = 6920BEE71F045E8900922757 /* Build configuration list for PBXNativeTarget "iOSBrowser" */;
			buildPhases = (
				0528A35A3BD531E04D27A881 /* [CP] Check Pods Manifest.lock */,
				6920BED11F045E8900922757 /* Sources */,
				6920BED21F045E8900922757 /* Frameworks */,
				6920BED31F045E8900922757 /* Resources */,
				78630227114B15F96A97E877 /* [CP] Embed Pods Frameworks */,
				725557A5AAB9674607D06D82 /* [CP] Copy Pods Resources */,
			);
			buildRules = (
			);
			dependencies = (
			);
			name = iOSBrowser;
			productName = iOSBrowser;
			productReference = 6920BED51F045E8900922757 /* iOSBrowser.app */;
			productType = "com.apple.product-type.application";
		};
/* End PBXNativeTarget section */

/* Begin PBXProject section */
		6920BECD1F045E8900922757 /* Project object */ = {
			isa = PBXProject;
			attributes = {
				LastSwiftUpdateCheck = 0830;
				LastUpgradeCheck = 0830;
				ORGANIZATIONNAME = Manking;
				TargetAttributes = {
					6920BED41F045E8900922757 = {
						CreatedOnToolsVersion = 8.3.2;
						ProvisioningStyle = Automatic;
					};
				};
			};
			buildConfigurationList = 6920BED01F045E8900922757 /* Build configuration list for PBXProject "iOSBrowser" */;
			compatibilityVersion = "Xcode 3.2";
			developmentRegion = English;
			hasScannedForEncodings = 0;
			knownRegions = (
				en,
				Base,
			);
			mainGroup = 6920BECC1F045E8900922757;
			productRefGroup = 6920BED61F045E8900922757 /* Products */;
			projectDirPath = "";
			projectRoot = "";
			targets = (
				6920BED41F045E8900922757 /* iOSBrowser */,
			);
		};
/* End PBXProject section */

/* Begin PBXResourcesBuildPhase section */
		6920BED31F045E8900922757 /* Resources */ = {
			isa = PBXResourcesBuildPhase;
			buildActionMask = 2147483647;
			files = (
				6920BEE31F045E8900922757 /* LaunchScreen.storyboard in Resources */,
				6920BEE01F045E8900922757 /* Assets.xcassets in Resources */,
				6920BEDE1F045E8900922757 /* Main.storyboard in Resources */,
			);
			runOnlyForDeploymentPostprocessing = 0;
		};
/* End PBXResourcesBuildPhase section */

/* Begin PBXShellScriptBuildPhase section */
		0528A35A3BD531E04D27A881 /* [CP] Check Pods Manifest.lock */ = {
			isa = PBXShellScriptBuildPhase;
			buildActionMask = 2147483647;
			files = (
			);
			inputPaths = (
			);
			name = "[CP] Check Pods Manifest.lock";
			outputPaths = (
			);
			runOnlyForDeploymentPostprocessing = 0;
			shellPath = /bin/sh;
			shellScript = "diff \"${PODS_ROOT}/../Podfile.lock\" \"${PODS_ROOT}/Manifest.lock\" > /dev/null\nif [ $? != 0 ] ; then\n    # print error to STDERR\n    echo \"error: The sandbox is not in sync with the Podfile.lock. Run 'pod install' or update your CocoaPods installation.\" >&2\n    exit 1\nfi\n";
			showEnvVarsInLog = 0;
		};
		725557A5AAB9674607D06D82 /* [CP] Copy Pods Resources */ = {
			isa = PBXShellScriptBuildPhase;
			buildActionMask = 2147483647;
			files = (
			);
			inputPaths = (
			);
			name = "[CP] Copy Pods Resources";
			outputPaths = (
			);
			runOnlyForDeploymentPostprocessing = 0;
			shellPath = /bin/sh;
			shellScript = "\"${SRCROOT}/Pods/Target Support Files/Pods-iOSBrowser/Pods-iOSBrowser-resources.sh\"\n";
			showEnvVarsInLog = 0;
		};
		78630227114B15F96A97E877 /* [CP] Embed Pods Frameworks */ = {
			isa = PBXShellScriptBuildPhase;
			buildActionMask = 2147483647;
			files = (
			);
			inputPaths = (
			);
			name = "[CP] Embed Pods Frameworks";
			outputPaths = (
			);
			runOnlyForDeploymentPostprocessing = 0;
			shellPath = /bin/sh;
			shellScript = "\"${SRCROOT}/Pods/Target Support Files/Pods-iOSBrowser/Pods-iOSBrowser-frameworks.sh\"\n";
			showEnvVarsInLog = 0;
		};
/* End PBXShellScriptBuildPhase section */

/* Begin PBXSourcesBuildPhase section */
		6920BED11F045E8900922757 /* Sources */ = {
			isa = PBXSourcesBuildPhase;
			buildActionMask = 2147483647;
			files = (
				6920BEDB1F045E8900922757 /* WebViewController.swift in Sources */,
				6920BED91F045E8900922757 /* AppDelegate.swift in Sources */,
			);
			runOnlyForDeploymentPostprocessing = 0;
		};
/* End PBXSourcesBuildPhase section */

/* Begin PBXVariantGroup section */
		6920BEDC1F045E8900922757 /* Main.storyboard */ = {
			isa = PBXVariantGroup;
			children = (
				6920BEDD1F045E8900922757 /* Base */,
			);
			name = Main.storyboard;
			sourceTree = "<group>";
		};
		6920BEE11F045E8900922757 /* LaunchScreen.storyboard */ = {
			isa = PBXVariantGroup;
			children = (
				6920BEE21F045E8900922757 /* Base */,
			);
			name = LaunchScreen.storyboard;
			sourceTree = "<group>";
		};
/* End PBXVariantGroup section */

/* Begin XCBuildConfiguration section */
		6920BEE51F045E8900922757 /* Debug */ = {
			isa = XCBuildConfiguration;
			buildSettings = {
				ALWAYS_SEARCH_USER_PATHS = NO;
				CLANG_ANALYZER_NONNULL = YES;
				CLANG_ANALYZER_NUMBER_OBJECT_CONVERSION = YES_AGGRESSIVE;
				CLANG_CXX_LANGUAGE_STANDARD = "gnu++0x";
				CLANG_CXX_LIBRARY = "libc++";
				CLANG_ENABLE_MODULES = YES;
				CLANG_ENABLE_OBJC_ARC = YES;
				CLANG_WARN_BOOL_CONVERSION = YES;
				CLANG_WARN_CONSTANT_CONVERSION = YES;
				CLANG_WARN_DIRECT_OBJC_ISA_USAGE = YES_ERROR;
				CLANG_WARN_DOCUMENTATION_COMMENTS = YES;
				CLANG_WARN_EMPTY_BODY = YES;
				CLANG_WARN_ENUM_CONVERSION = YES;
				CLANG_WARN_INFINITE_RECURSION = YES;
				CLANG_WARN_INT_CONVERSION = YES;
				CLANG_WARN_OBJC_ROOT_CLASS = YES_ERROR;
				CLANG_WARN_SUSPICIOUS_MOVE = YES;
				CLANG_WARN_UNREACHABLE_CODE = YES;
				CLANG_WARN__DUPLICATE_METHOD_MATCH = YES;
				"CODE_SIGN_IDENTITY[sdk=iphoneos*]" = "iPhone Developer";
				COPY_PHASE_STRIP = NO;
				DEBUG_INFORMATION_FORMAT = dwarf;
				ENABLE_STRICT_OBJC_MSGSEND = YES;
				ENABLE_TESTABILITY = YES;
				GCC_C_LANGUAGE_STANDARD = gnu99;
				GCC_DYNAMIC_NO_PIC = NO;
				GCC_NO_COMMON_BLOCKS = YES;
				GCC_OPTIMIZATION_LEVEL = 0;
				GCC_PREPROCESSOR_DEFINITIONS = (
					"DEBUG=1",
					"$(inherited)",
				);
				GCC_WARN_64_TO_32_BIT_CONVERSION = YES;
				GCC_WARN_ABOUT_RETURN_TYPE = YES_ERROR;
				GCC_WARN_UNDECLARED_SELECTOR = YES;
				GCC_WARN_UNINITIALIZED_AUTOS = YES_AGGRESSIVE;
				GCC_WARN_UNUSED_FUNCTION = YES;
				GCC_WARN_UNUSED_VARIABLE = YES;
				IPHONEOS_DEPLOYMENT_TARGET = 10.3;
				MTL_ENABLE_DEBUG_INFO = YES;
				ONLY_ACTIVE_ARCH = YES;
				SDKROOT = iphoneos;
				SWIFT_ACTIVE_COMPILATION_CONDITIONS = DEBUG;
				SWIFT_OPTIMIZATION_LEVEL = "-Onone";
			};
			name = Debug;
		};
		6920BEE61F045E8900922757 /* Release */ = {
			isa = XCBuildConfiguration;
			buildSettings = {
				ALWAYS_SEARCH_USER_PATHS = NO;
				CLANG_ANALYZER_NONNULL = YES;
				CLANG_ANALYZER_NUMBER_OBJECT_CONVERSION = YES_AGGRESSIVE;
				CLANG_CXX_LANGUAGE_STANDARD = "gnu++0x";
				CLANG_CXX_LIBRARY = "libc++";
				CLANG_ENABLE_MODULES = YES;
				CLANG_ENABLE_OBJC_ARC = YES;
				CLANG_WARN_BOOL_CONVERSION = YES;
				CLANG_WARN_CONSTANT_CONVERSION = YES;
				CLANG_WARN_DIRECT_OBJC_ISA_USAGE = YES_ERROR;
				CLANG_WARN_DOCUMENTATION_COMMENTS = YES;
				CLANG_WARN_EMPTY_BODY = YES;
				CLANG_WARN_ENUM_CONVERSION = YES;
				CLANG_WARN_INFINITE_RECURSION = YES;
				CLANG_WARN_INT_CONVERSION = YES;
				CLANG_WARN_OBJC_ROOT_CLASS = YES_ERROR;
				CLANG_WARN_SUSPICIOUS_MOVE = YES;
				CLANG_WARN_UNREACHABLE_CODE = YES;
				CLANG_WARN__DUPLICATE_METHOD_MATCH = YES;
				"CODE_SIGN_IDENTITY[sdk=iphoneos*]" = "iPhone Developer";
				COPY_PHASE_STRIP = NO;
				DEBUG_INFORMATION_FORMAT = "dwarf-with-dsym";
				ENABLE_NS_ASSERTIONS = NO;
				ENABLE_STRICT_OBJC_MSGSEND = YES;
				GCC_C_LANGUAGE_STANDARD = gnu99;
				GCC_NO_COMMON_BLOCKS = YES;
				GCC_WARN_64_TO_32_BIT_CONVERSION = YES;
				GCC_WARN_ABOUT_RETURN_TYPE = YES_ERROR;
				GCC_WARN_UNDECLARED_SELECTOR = YES;
				GCC_WARN_UNINITIALIZED_AUTOS = YES_AGGRESSIVE;
				GCC_WARN_UNUSED_FUNCTION = YES;
				GCC_WARN_UNUSED_VARIABLE = YES;
				IPHONEOS_DEPLOYMENT_TARGET = 10.3;
				MTL_ENABLE_DEBUG_INFO = NO;
				SDKROOT = iphoneos;
				SWIFT_OPTIMIZATION_LEVEL = "-Owholemodule";
				VALIDATE_PRODUCT = YES;
			};
			name = Release;
		};
		6920BEE81F045E8900922757 /* Debug */ = {
			isa = XCBuildConfiguration;
			baseConfigurationReference = C2C153CBC63C98084F1AA628 /* Pods-iOSBrowser.debug.xcconfig */;
			buildSettings = {
				ASSETCATALOG_COMPILER_APPICON_NAME = AppIcon;
				INFOPLIST_FILE = iOSBrowser/Info.plist;
				LD_RUNPATH_SEARCH_PATHS = "$(inherited) @executable_path/Frameworks";
				PRODUCT_BUNDLE_IDENTIFIER = com.mankind.iOSBrowser;
				PRODUCT_NAME = "$(TARGET_NAME)";
				SWIFT_VERSION = 3.0;
			};
			name = Debug;
		};
		6920BEE91F045E8900922757 /* Release */ = {
			isa = XCBuildConfiguration;
			baseConfigurationReference = 50533787BAF0824B53D8131E /* Pods-iOSBrowser.release.xcconfig */;
			buildSettings = {
				ASSETCATALOG_COMPILER_APPICON_NAME = AppIcon;
				INFOPLIST_FILE = iOSBrowser/Info.plist;
				LD_RUNPATH_SEARCH_PATHS = "$(inherited) @executable_path/Frameworks";
				PRODUCT_BUNDLE_IDENTIFIER = com.mankind.iOSBrowser;
				PRODUCT_NAME = "$(TARGET_NAME)";
				SWIFT_VERSION = 3.0;
			};
			name = Release;
		};
/* End XCBuildConfiguration section */

/* Begin XCConfigurationList section */
		6920BED01F045E8900922757 /* Build configuration list for PBXProject "iOSBrowser" */ = {
			isa = XCConfigurationList;
			buildConfigurations = (
				6920BEE51F045E8900922757 /* Debug */,
				6920BEE61F045E8900922757 /* Release */,
			);
			defaultConfigurationIsVisible = 0;
			defaultConfigurationName = Release;
		};
		6920BEE71F045E8900922757 /* Build configuration list for PBXNativeTarget "iOSBrowser" */ = {
			isa = XCConfigurationList;
			buildConfigurations = (
				6920BEE81F045E8900922757 /* Debug */,
				6920BEE91F045E8900922757 /* Release */,
			);
			defaultConfigurationIsVisible = 0;
			defaultConfigurationName = Release;
		};
/* End XCConfigurationList section */
	};
	rootObject = 6920BECD1F045E8900922757 /* Project object */;
}
